{
  "nodes": {
    "argument_parser": {
      "inputs": {
        "argument_parser-master": "argument_parser-master",
        "flakeNimbleLib": [
          "flakeNimbleLib"
        ],
        "nixpkgs": [
          "nixpkgs"
        ]
      },
      "locked": {
        "lastModified": 1648152996,
        "narHash": "sha256-967IPPZ+gUQTQY6QlaoWVelCI1WpZcVn+OjQa3u19+4=",
        "owner": "nim-nix-pkgs",
        "repo": "argument_parser",
        "rev": "c2a8daf5a0ad9aedc9a50154c97df2f221814103",
        "type": "github"
      },
      "original": {
        "owner": "nim-nix-pkgs",
        "ref": "master",
        "repo": "argument_parser",
        "type": "github"
      }
    },
    "argument_parser-master": {
      "inputs": {
        "flakeNimbleLib": [
          "argument_parser",
          "flakeNimbleLib"
        ],
        "nake": "nake",
        "nixpkgs": [
          "argument_parser",
          "nixpkgs"
        ],
        "src-argument_parser-master": "src-argument_parser-master"
      },
      "locked": {
        "dir": "master",
        "lastModified": 1648152996,
        "narHash": "sha256-967IPPZ+gUQTQY6QlaoWVelCI1WpZcVn+OjQa3u19+4=",
        "owner": "nim-nix-pkgs",
        "repo": "argument_parser",
        "rev": "c2a8daf5a0ad9aedc9a50154c97df2f221814103",
        "type": "github"
      },
      "original": {
        "dir": "master",
        "owner": "nim-nix-pkgs",
        "ref": "master",
        "repo": "argument_parser",
        "type": "github"
      }
    },
    "flakeNimbleLib": {
      "inputs": {
        "nixpkgs": [
          "nixpkgs"
        ]
      },
      "locked": {
        "lastModified": 1648105061,
        "narHash": "sha256-Je25qNlH4xrH3+m6vIq6yPvdfQ80FRTwX4JOhrRLduc=",
        "owner": "riinr",
        "repo": "nim-flakes-lib",
        "rev": "f1ec5e2f15b9f717c33b6942ce7cb344ff868522",
        "type": "github"
      },
      "original": {
        "owner": "riinr",
        "ref": "master",
        "repo": "nim-flakes-lib",
        "type": "github"
      }
    },
    "nake": {
      "inputs": {
        "flakeNimbleLib": [
          "argument_parser",
          "argument_parser-master",
          "flakeNimbleLib"
        ],
        "nixpkgs": [
          "argument_parser",
          "argument_parser-master",
          "nixpkgs"
        ],
        "src-nake-1_9_4": "src-nake-1_9_4"
      },
      "locked": {
        "dir": "1_9_4",
        "lastModified": 1648107810,
        "narHash": "sha256-ruBTNTq26h3Dy5gIA+gMR/F2ITNO8v0FRxdachqr3zI=",
        "owner": "nim-nix-pkgs",
        "repo": "nake",
        "rev": "ade75ff54e0175fc813bf0531ac78d95309f25bc",
        "type": "github"
      },
      "original": {
        "dir": "1_9_4",
        "owner": "nim-nix-pkgs",
        "ref": "master",
        "repo": "nake",
        "type": "github"
      }
    },
    "nake_2": {
      "inputs": {
        "flakeNimbleLib": [
          "flakeNimbleLib"
        ],
        "nixpkgs": [
          "nixpkgs"
        ],
        "src-nake-1_9_4": "src-nake-1_9_4_2"
      },
      "locked": {
        "dir": "1_9_4",
        "lastModified": 1648107810,
        "narHash": "sha256-ruBTNTq26h3Dy5gIA+gMR/F2ITNO8v0FRxdachqr3zI=",
        "owner": "nim-nix-pkgs",
        "repo": "nake",
        "rev": "ade75ff54e0175fc813bf0531ac78d95309f25bc",
        "type": "github"
      },
      "original": {
        "dir": "1_9_4",
        "owner": "nim-nix-pkgs",
        "ref": "master",
        "repo": "nake",
        "type": "github"
      }
    },
    "nixpkgs": {
      "locked": {
        "narHash": "sha256-sK1Ow//80EKE3bAF5d+2gB8vPXw6m5TBk3wSLHvdVe0=",
        "path": "/nix/store/0yqgkbpmsk7ck4s34wk505sfdd9vils4-source",
        "type": "path"
      },
      "original": {
        "id": "nixpkgs",
        "type": "indirect"
      }
    },
    "root": {
      "inputs": {
        "argument_parser": "argument_parser",
        "flakeNimbleLib": "flakeNimbleLib",
        "nake": "nake_2",
        "nixpkgs": "nixpkgs",
        "src-number_files-v0_2_2": "src-number_files-v0_2_2"
      }
    },
    "src-argument_parser-master": {
      "flake": false,
      "locked": {
        "lastModified": 1440382711,
        "narHash": "sha256-+zu50KzcnD0g7Tw0LRmoXeMPnLmUyvBjBtGyGddAxN4=",
        "owner": "Xe",
        "repo": "argument_parser",
        "rev": "920be52019e7511387361228c1f9b7b00500764a",
        "type": "github"
      },
      "original": {
        "owner": "Xe",
        "ref": "refs/heads/master",
        "repo": "argument_parser",
        "type": "github"
      }
    },
    "src-nake-1_9_4": {
      "flake": false,
      "locked": {
        "lastModified": 1615647180,
        "narHash": "sha256-ZI3smqQAPUdKaOwouYLw8Gn5TnG0wG/mrwTP522ID04=",
        "owner": "fowlmouth",
        "repo": "nake",
        "rev": "8bfbd2fd86ea5935858a1c21a368952998c5e32b",
        "type": "github"
      },
      "original": {
        "owner": "fowlmouth",
        "ref": "refs/tags/1.9.4",
        "repo": "nake",
        "type": "github"
      }
    },
    "src-nake-1_9_4_2": {
      "flake": false,
      "locked": {
        "lastModified": 1615647180,
        "narHash": "sha256-ZI3smqQAPUdKaOwouYLw8Gn5TnG0wG/mrwTP522ID04=",
        "owner": "fowlmouth",
        "repo": "nake",
        "rev": "8bfbd2fd86ea5935858a1c21a368952998c5e32b",
        "type": "github"
      },
      "original": {
        "owner": "fowlmouth",
        "ref": "refs/tags/1.9.4",
        "repo": "nake",
        "type": "github"
      }
    },
    "src-number_files-v0_2_2": {
      "flake": false,
      "locked": {
        "lastModified": 1395765659,
        "narHash": "sha256-whCVTWaGy1UnCX/xRAnvVM6u6spOJGL5RUbkIyLU1KM=",
        "owner": "Araq",
        "repo": "number_files",
        "rev": "f5da098f6b1f412a325c720e6a3af8c8670f4082",
        "type": "github"
      },
      "original": {
        "owner": "Araq",
        "ref": "refs/tags/v0.2.2",
        "repo": "number_files",
        "type": "github"
      }
    }
  },
  "root": "root",
  "version": 7
}
